// !$*UTF8*$!
{
	archiveVersion = 1;
	classes = {
	};
	objectVersion = 46;
	objects = {

/* Begin PBXBuildFile section */
<<<<<<< HEAD
		270C35E874500A00D482B394 /* Pods_LingxinZhao_Lab4FTests.framework in Frameworks */ = {isa = PBXBuildFile; fileRef = 7BC055E62E2348A13569E64B /* Pods_LingxinZhao_Lab4FTests.framework */; };
		469AF4F18B118911DA6E7A0B /* Pods_LingxinZhao_Lab4FUITests.framework in Frameworks */ = {isa = PBXBuildFile; fileRef = 533C4384C5D198151B322313 /* Pods_LingxinZhao_Lab4FUITests.framework */; };
		E60C60EA69EEB891FCACA5BC /* Pods_LingxinZhao_Lab4F.framework in Frameworks */ = {isa = PBXBuildFile; fileRef = 5FF785119B6FC3BE4EE82DD8 /* Pods_LingxinZhao_Lab4F.framework */; };
=======
		3DE77DCAD26BC9409D9F56A8 /* Pods_LingxinZhao_Lab4FTests.framework in Frameworks */ = {isa = PBXBuildFile; fileRef = 2824E206D2C8AE054CFC7D56 /* Pods_LingxinZhao_Lab4FTests.framework */; };
		6F13605662B49CDBA4984E22 /* Pods_LingxinZhao_Lab4F.framework in Frameworks */ = {isa = PBXBuildFile; fileRef = 816486165A17B38228CF99C2 /* Pods_LingxinZhao_Lab4F.framework */; };
		AE331DC3187BFCF403C8DA51 /* Pods_LingxinZhao_Lab4FUITests.framework in Frameworks */ = {isa = PBXBuildFile; fileRef = 33FF6DE6F045DE15CE396266 /* Pods_LingxinZhao_Lab4FUITests.framework */; };
>>>>>>> origin/master
		E80CD3FC1DAC172000832D58 /* AppDelegate.swift in Sources */ = {isa = PBXBuildFile; fileRef = E80CD3FB1DAC172000832D58 /* AppDelegate.swift */; };
		E80CD4011DAC172000832D58 /* Main.storyboard in Resources */ = {isa = PBXBuildFile; fileRef = E80CD3FF1DAC172000832D58 /* Main.storyboard */; };
		E80CD4031DAC172000832D58 /* Assets.xcassets in Resources */ = {isa = PBXBuildFile; fileRef = E80CD4021DAC172000832D58 /* Assets.xcassets */; };
		E80CD4061DAC172000832D58 /* LaunchScreen.storyboard in Resources */ = {isa = PBXBuildFile; fileRef = E80CD4041DAC172000832D58 /* LaunchScreen.storyboard */; };
		E80CD4111DAC172000832D58 /* LingxinZhao_Lab4FTests.swift in Sources */ = {isa = PBXBuildFile; fileRef = E80CD4101DAC172000832D58 /* LingxinZhao_Lab4FTests.swift */; };
		E80CD41C1DAC172000832D58 /* LingxinZhao_Lab4FUITests.swift in Sources */ = {isa = PBXBuildFile; fileRef = E80CD41B1DAC172000832D58 /* LingxinZhao_Lab4FUITests.swift */; };
		E80CD42B1DAC1B2500832D58 /* Movie.swift in Sources */ = {isa = PBXBuildFile; fileRef = E80CD42A1DAC1B2500832D58 /* Movie.swift */; };
		E80CD42D1DAC1D6B00832D58 /* MovieSearchController.swift in Sources */ = {isa = PBXBuildFile; fileRef = E80CD42C1DAC1D6B00832D58 /* MovieSearchController.swift */; };
		E80CD42F1DAC1D7D00832D58 /* FavoriteController.swift in Sources */ = {isa = PBXBuildFile; fileRef = E80CD42E1DAC1D7D00832D58 /* FavoriteController.swift */; };
		E80CD4311DAC1E7000832D58 /* SwiftyJSON.swift in Sources */ = {isa = PBXBuildFile; fileRef = E80CD4301DAC1E7000832D58 /* SwiftyJSON.swift */; };
		E81EB4221E68B6A900DF7036 /* GoogleService-Info.plist in Resources */ = {isa = PBXBuildFile; fileRef = E81EB4211E68B6A900DF7036 /* GoogleService-Info.plist */; };
		E85356711DB854DE00A1344C /* Cinema-Documentary-icon.png in Resources */ = {isa = PBXBuildFile; fileRef = E85356701DB854DE00A1344C /* Cinema-Documentary-icon.png */; };
		E85356731DB8552100A1344C /* ios8-video-app-icon.png in Resources */ = {isa = PBXBuildFile; fileRef = E85356721DB8552100A1344C /* ios8-video-app-icon.png */; };
		E85356751DB8556A00A1344C /* imovie-ios-icon.png in Resources */ = {isa = PBXBuildFile; fileRef = E85356741DB8556A00A1344C /* imovie-ios-icon.png */; };
		E85356771DB867C600A1344C /* 1476404080_38.png in Resources */ = {isa = PBXBuildFile; fileRef = E85356761DB867C600A1344C /* 1476404080_38.png */; };
		E8912DF01DAED58300EC4EE3 /* MyCell.swift in Sources */ = {isa = PBXBuildFile; fileRef = E8912DEF1DAED58300EC4EE3 /* MyCell.swift */; };
		E8912DF31DAF526A00EC4EE3 /* Detailed.swift in Sources */ = {isa = PBXBuildFile; fileRef = E8912DF11DAF526A00EC4EE3 /* Detailed.swift */; };
		E8912DF41DAF526A00EC4EE3 /* Detailed.xib in Resources */ = {isa = PBXBuildFile; fileRef = E8912DF21DAF526A00EC4EE3 /* Detailed.xib */; };
/* End PBXBuildFile section */

/* Begin PBXContainerItemProxy section */
		E80CD40D1DAC172000832D58 /* PBXContainerItemProxy */ = {
			isa = PBXContainerItemProxy;
			containerPortal = E80CD3F01DAC171F00832D58 /* Project object */;
			proxyType = 1;
			remoteGlobalIDString = E80CD3F71DAC172000832D58;
			remoteInfo = LingxinZhao_Lab4F;
		};
		E80CD4181DAC172000832D58 /* PBXContainerItemProxy */ = {
			isa = PBXContainerItemProxy;
			containerPortal = E80CD3F01DAC171F00832D58 /* Project object */;
			proxyType = 1;
			remoteGlobalIDString = E80CD3F71DAC172000832D58;
			remoteInfo = LingxinZhao_Lab4F;
		};
/* End PBXContainerItemProxy section */

/* Begin PBXFileReference section */
<<<<<<< HEAD
		0659BFE22E715CFC53DB8BCE /* Pods-LingxinZhao_Lab4F.debug.xcconfig */ = {isa = PBXFileReference; includeInIndex = 1; lastKnownFileType = text.xcconfig; name = "Pods-LingxinZhao_Lab4F.debug.xcconfig"; path = "Pods/Target Support Files/Pods-LingxinZhao_Lab4F/Pods-LingxinZhao_Lab4F.debug.xcconfig"; sourceTree = "<group>"; };
		1A344D231E59B6ACEB8FB353 /* Pods-LingxinZhao_Lab4FUITests.debug.xcconfig */ = {isa = PBXFileReference; includeInIndex = 1; lastKnownFileType = text.xcconfig; name = "Pods-LingxinZhao_Lab4FUITests.debug.xcconfig"; path = "Pods/Target Support Files/Pods-LingxinZhao_Lab4FUITests/Pods-LingxinZhao_Lab4FUITests.debug.xcconfig"; sourceTree = "<group>"; };
		1AB133AAFE8DB06A419F5271 /* Pods-LingxinZhao_Lab4FTests.release.xcconfig */ = {isa = PBXFileReference; includeInIndex = 1; lastKnownFileType = text.xcconfig; name = "Pods-LingxinZhao_Lab4FTests.release.xcconfig"; path = "Pods/Target Support Files/Pods-LingxinZhao_Lab4FTests/Pods-LingxinZhao_Lab4FTests.release.xcconfig"; sourceTree = "<group>"; };
		33C883811C36251EB0D77FE9 /* Pods-LingxinZhao_Lab4FUITests.release.xcconfig */ = {isa = PBXFileReference; includeInIndex = 1; lastKnownFileType = text.xcconfig; name = "Pods-LingxinZhao_Lab4FUITests.release.xcconfig"; path = "Pods/Target Support Files/Pods-LingxinZhao_Lab4FUITests/Pods-LingxinZhao_Lab4FUITests.release.xcconfig"; sourceTree = "<group>"; };
		3F93F9314F98EB431150A948 /* Pods-LingxinZhao_Lab4F.release.xcconfig */ = {isa = PBXFileReference; includeInIndex = 1; lastKnownFileType = text.xcconfig; name = "Pods-LingxinZhao_Lab4F.release.xcconfig"; path = "Pods/Target Support Files/Pods-LingxinZhao_Lab4F/Pods-LingxinZhao_Lab4F.release.xcconfig"; sourceTree = "<group>"; };
		533C4384C5D198151B322313 /* Pods_LingxinZhao_Lab4FUITests.framework */ = {isa = PBXFileReference; explicitFileType = wrapper.framework; includeInIndex = 0; path = Pods_LingxinZhao_Lab4FUITests.framework; sourceTree = BUILT_PRODUCTS_DIR; };
		5FF785119B6FC3BE4EE82DD8 /* Pods_LingxinZhao_Lab4F.framework */ = {isa = PBXFileReference; explicitFileType = wrapper.framework; includeInIndex = 0; path = Pods_LingxinZhao_Lab4F.framework; sourceTree = BUILT_PRODUCTS_DIR; };
		6F7CE3B7D201C5DDAE568C9C /* Pods-LingxinZhao_Lab4FTests.debug.xcconfig */ = {isa = PBXFileReference; includeInIndex = 1; lastKnownFileType = text.xcconfig; name = "Pods-LingxinZhao_Lab4FTests.debug.xcconfig"; path = "Pods/Target Support Files/Pods-LingxinZhao_Lab4FTests/Pods-LingxinZhao_Lab4FTests.debug.xcconfig"; sourceTree = "<group>"; };
		7BC055E62E2348A13569E64B /* Pods_LingxinZhao_Lab4FTests.framework */ = {isa = PBXFileReference; explicitFileType = wrapper.framework; includeInIndex = 0; path = Pods_LingxinZhao_Lab4FTests.framework; sourceTree = BUILT_PRODUCTS_DIR; };
=======
		182731CBC2A1E7A37707E7C7 /* Pods-LingxinZhao_Lab4FUITests.debug.xcconfig */ = {isa = PBXFileReference; includeInIndex = 1; lastKnownFileType = text.xcconfig; name = "Pods-LingxinZhao_Lab4FUITests.debug.xcconfig"; path = "Pods/Target Support Files/Pods-LingxinZhao_Lab4FUITests/Pods-LingxinZhao_Lab4FUITests.debug.xcconfig"; sourceTree = "<group>"; };
		2824E206D2C8AE054CFC7D56 /* Pods_LingxinZhao_Lab4FTests.framework */ = {isa = PBXFileReference; explicitFileType = wrapper.framework; includeInIndex = 0; path = Pods_LingxinZhao_Lab4FTests.framework; sourceTree = BUILT_PRODUCTS_DIR; };
		33FF6DE6F045DE15CE396266 /* Pods_LingxinZhao_Lab4FUITests.framework */ = {isa = PBXFileReference; explicitFileType = wrapper.framework; includeInIndex = 0; path = Pods_LingxinZhao_Lab4FUITests.framework; sourceTree = BUILT_PRODUCTS_DIR; };
		816486165A17B38228CF99C2 /* Pods_LingxinZhao_Lab4F.framework */ = {isa = PBXFileReference; explicitFileType = wrapper.framework; includeInIndex = 0; path = Pods_LingxinZhao_Lab4F.framework; sourceTree = BUILT_PRODUCTS_DIR; };
		8B0670C80AB7E21EF157826D /* Pods-LingxinZhao_Lab4FTests.debug.xcconfig */ = {isa = PBXFileReference; includeInIndex = 1; lastKnownFileType = text.xcconfig; name = "Pods-LingxinZhao_Lab4FTests.debug.xcconfig"; path = "Pods/Target Support Files/Pods-LingxinZhao_Lab4FTests/Pods-LingxinZhao_Lab4FTests.debug.xcconfig"; sourceTree = "<group>"; };
		8DAB5F9E5830154BA2EAC010 /* Pods-LingxinZhao_Lab4F.debug.xcconfig */ = {isa = PBXFileReference; includeInIndex = 1; lastKnownFileType = text.xcconfig; name = "Pods-LingxinZhao_Lab4F.debug.xcconfig"; path = "Pods/Target Support Files/Pods-LingxinZhao_Lab4F/Pods-LingxinZhao_Lab4F.debug.xcconfig"; sourceTree = "<group>"; };
		94FE07A4FC89234176C5A12E /* Pods-LingxinZhao_Lab4FTests.release.xcconfig */ = {isa = PBXFileReference; includeInIndex = 1; lastKnownFileType = text.xcconfig; name = "Pods-LingxinZhao_Lab4FTests.release.xcconfig"; path = "Pods/Target Support Files/Pods-LingxinZhao_Lab4FTests/Pods-LingxinZhao_Lab4FTests.release.xcconfig"; sourceTree = "<group>"; };
		ACF5917A646B7FF5C45A27DB /* Pods-LingxinZhao_Lab4FUITests.release.xcconfig */ = {isa = PBXFileReference; includeInIndex = 1; lastKnownFileType = text.xcconfig; name = "Pods-LingxinZhao_Lab4FUITests.release.xcconfig"; path = "Pods/Target Support Files/Pods-LingxinZhao_Lab4FUITests/Pods-LingxinZhao_Lab4FUITests.release.xcconfig"; sourceTree = "<group>"; };
>>>>>>> origin/master
		E80CD3F81DAC172000832D58 /* LingxinZhao_Lab4F.app */ = {isa = PBXFileReference; explicitFileType = wrapper.application; includeInIndex = 0; path = LingxinZhao_Lab4F.app; sourceTree = BUILT_PRODUCTS_DIR; };
		E80CD3FB1DAC172000832D58 /* AppDelegate.swift */ = {isa = PBXFileReference; lastKnownFileType = sourcecode.swift; path = AppDelegate.swift; sourceTree = "<group>"; };
		E80CD4001DAC172000832D58 /* Base */ = {isa = PBXFileReference; lastKnownFileType = file.storyboard; name = Base; path = Base.lproj/Main.storyboard; sourceTree = "<group>"; };
		E80CD4021DAC172000832D58 /* Assets.xcassets */ = {isa = PBXFileReference; lastKnownFileType = folder.assetcatalog; path = Assets.xcassets; sourceTree = "<group>"; };
		E80CD4051DAC172000832D58 /* Base */ = {isa = PBXFileReference; lastKnownFileType = file.storyboard; name = Base; path = Base.lproj/LaunchScreen.storyboard; sourceTree = "<group>"; };
		E80CD4071DAC172000832D58 /* Info.plist */ = {isa = PBXFileReference; lastKnownFileType = text.plist.xml; path = Info.plist; sourceTree = "<group>"; };
		E80CD40C1DAC172000832D58 /* LingxinZhao_Lab4FTests.xctest */ = {isa = PBXFileReference; explicitFileType = wrapper.cfbundle; includeInIndex = 0; path = LingxinZhao_Lab4FTests.xctest; sourceTree = BUILT_PRODUCTS_DIR; };
		E80CD4101DAC172000832D58 /* LingxinZhao_Lab4FTests.swift */ = {isa = PBXFileReference; lastKnownFileType = sourcecode.swift; path = LingxinZhao_Lab4FTests.swift; sourceTree = "<group>"; };
		E80CD4121DAC172000832D58 /* Info.plist */ = {isa = PBXFileReference; lastKnownFileType = text.plist.xml; path = Info.plist; sourceTree = "<group>"; };
		E80CD4171DAC172000832D58 /* LingxinZhao_Lab4FUITests.xctest */ = {isa = PBXFileReference; explicitFileType = wrapper.cfbundle; includeInIndex = 0; path = LingxinZhao_Lab4FUITests.xctest; sourceTree = BUILT_PRODUCTS_DIR; };
		E80CD41B1DAC172000832D58 /* LingxinZhao_Lab4FUITests.swift */ = {isa = PBXFileReference; lastKnownFileType = sourcecode.swift; path = LingxinZhao_Lab4FUITests.swift; sourceTree = "<group>"; };
		E80CD41D1DAC172000832D58 /* Info.plist */ = {isa = PBXFileReference; lastKnownFileType = text.plist.xml; path = Info.plist; sourceTree = "<group>"; };
		E80CD42A1DAC1B2500832D58 /* Movie.swift */ = {isa = PBXFileReference; fileEncoding = 4; lastKnownFileType = sourcecode.swift; path = Movie.swift; sourceTree = "<group>"; };
		E80CD42C1DAC1D6B00832D58 /* MovieSearchController.swift */ = {isa = PBXFileReference; fileEncoding = 4; lastKnownFileType = sourcecode.swift; path = MovieSearchController.swift; sourceTree = "<group>"; };
		E80CD42E1DAC1D7D00832D58 /* FavoriteController.swift */ = {isa = PBXFileReference; fileEncoding = 4; lastKnownFileType = sourcecode.swift; path = FavoriteController.swift; sourceTree = "<group>"; };
		E80CD4301DAC1E7000832D58 /* SwiftyJSON.swift */ = {isa = PBXFileReference; fileEncoding = 4; lastKnownFileType = sourcecode.swift; path = SwiftyJSON.swift; sourceTree = "<group>"; };
		E81EB4211E68B6A900DF7036 /* GoogleService-Info.plist */ = {isa = PBXFileReference; fileEncoding = 4; lastKnownFileType = text.plist.xml; path = "GoogleService-Info.plist"; sourceTree = "<group>"; };
		E85356701DB854DE00A1344C /* Cinema-Documentary-icon.png */ = {isa = PBXFileReference; lastKnownFileType = image.png; name = "Cinema-Documentary-icon.png"; path = "Assets.xcassets/Cinema-Documentary-icon.imageset/Cinema-Documentary-icon.png"; sourceTree = "<group>"; };
		E85356721DB8552100A1344C /* ios8-video-app-icon.png */ = {isa = PBXFileReference; lastKnownFileType = image.png; name = "ios8-video-app-icon.png"; path = "Assets.xcassets/ios8-video-app-icon.imageset/ios8-video-app-icon.png"; sourceTree = "<group>"; };
		E85356741DB8556A00A1344C /* imovie-ios-icon.png */ = {isa = PBXFileReference; lastKnownFileType = image.png; path = "imovie-ios-icon.png"; sourceTree = "<group>"; };
		E85356761DB867C600A1344C /* 1476404080_38.png */ = {isa = PBXFileReference; lastKnownFileType = image.png; path = 1476404080_38.png; sourceTree = "<group>"; };
		E8912DEF1DAED58300EC4EE3 /* MyCell.swift */ = {isa = PBXFileReference; fileEncoding = 4; lastKnownFileType = sourcecode.swift; path = MyCell.swift; sourceTree = "<group>"; };
		E8912DF11DAF526A00EC4EE3 /* Detailed.swift */ = {isa = PBXFileReference; fileEncoding = 4; lastKnownFileType = sourcecode.swift; path = Detailed.swift; sourceTree = "<group>"; };
		E8912DF21DAF526A00EC4EE3 /* Detailed.xib */ = {isa = PBXFileReference; fileEncoding = 4; lastKnownFileType = file.xib; path = Detailed.xib; sourceTree = "<group>"; };
		EF7297E0513218DD2D1AFCD7 /* Pods-LingxinZhao_Lab4F.release.xcconfig */ = {isa = PBXFileReference; includeInIndex = 1; lastKnownFileType = text.xcconfig; name = "Pods-LingxinZhao_Lab4F.release.xcconfig"; path = "Pods/Target Support Files/Pods-LingxinZhao_Lab4F/Pods-LingxinZhao_Lab4F.release.xcconfig"; sourceTree = "<group>"; };
/* End PBXFileReference section */

/* Begin PBXFrameworksBuildPhase section */
		E80CD3F51DAC172000832D58 /* Frameworks */ = {
			isa = PBXFrameworksBuildPhase;
			buildActionMask = 2147483647;
			files = (
<<<<<<< HEAD
				E60C60EA69EEB891FCACA5BC /* Pods_LingxinZhao_Lab4F.framework in Frameworks */,
=======
				6F13605662B49CDBA4984E22 /* Pods_LingxinZhao_Lab4F.framework in Frameworks */,
>>>>>>> origin/master
			);
			runOnlyForDeploymentPostprocessing = 0;
		};
		E80CD4091DAC172000832D58 /* Frameworks */ = {
			isa = PBXFrameworksBuildPhase;
			buildActionMask = 2147483647;
			files = (
<<<<<<< HEAD
				270C35E874500A00D482B394 /* Pods_LingxinZhao_Lab4FTests.framework in Frameworks */,
=======
				3DE77DCAD26BC9409D9F56A8 /* Pods_LingxinZhao_Lab4FTests.framework in Frameworks */,
>>>>>>> origin/master
			);
			runOnlyForDeploymentPostprocessing = 0;
		};
		E80CD4141DAC172000832D58 /* Frameworks */ = {
			isa = PBXFrameworksBuildPhase;
			buildActionMask = 2147483647;
			files = (
<<<<<<< HEAD
				469AF4F18B118911DA6E7A0B /* Pods_LingxinZhao_Lab4FUITests.framework in Frameworks */,
=======
				AE331DC3187BFCF403C8DA51 /* Pods_LingxinZhao_Lab4FUITests.framework in Frameworks */,
>>>>>>> origin/master
			);
			runOnlyForDeploymentPostprocessing = 0;
		};
/* End PBXFrameworksBuildPhase section */

/* Begin PBXGroup section */
<<<<<<< HEAD
		9E04712828B4BF014CF22C43 /* Frameworks */ = {
			isa = PBXGroup;
			children = (
				5FF785119B6FC3BE4EE82DD8 /* Pods_LingxinZhao_Lab4F.framework */,
				7BC055E62E2348A13569E64B /* Pods_LingxinZhao_Lab4FTests.framework */,
				533C4384C5D198151B322313 /* Pods_LingxinZhao_Lab4FUITests.framework */,
=======
		3F8EC926B50DCE1B024F7DA1 /* Frameworks */ = {
			isa = PBXGroup;
			children = (
				816486165A17B38228CF99C2 /* Pods_LingxinZhao_Lab4F.framework */,
				2824E206D2C8AE054CFC7D56 /* Pods_LingxinZhao_Lab4FTests.framework */,
				33FF6DE6F045DE15CE396266 /* Pods_LingxinZhao_Lab4FUITests.framework */,
>>>>>>> origin/master
			);
			name = Frameworks;
			sourceTree = "<group>";
		};
<<<<<<< HEAD
		CEACC6176E436D1E060BBFE6 /* Pods */ = {
			isa = PBXGroup;
			children = (
				0659BFE22E715CFC53DB8BCE /* Pods-LingxinZhao_Lab4F.debug.xcconfig */,
				3F93F9314F98EB431150A948 /* Pods-LingxinZhao_Lab4F.release.xcconfig */,
				6F7CE3B7D201C5DDAE568C9C /* Pods-LingxinZhao_Lab4FTests.debug.xcconfig */,
				1AB133AAFE8DB06A419F5271 /* Pods-LingxinZhao_Lab4FTests.release.xcconfig */,
				1A344D231E59B6ACEB8FB353 /* Pods-LingxinZhao_Lab4FUITests.debug.xcconfig */,
				33C883811C36251EB0D77FE9 /* Pods-LingxinZhao_Lab4FUITests.release.xcconfig */,
=======
		8EBCD9A4962D65E3DFD7F8CA /* Pods */ = {
			isa = PBXGroup;
			children = (
				8DAB5F9E5830154BA2EAC010 /* Pods-LingxinZhao_Lab4F.debug.xcconfig */,
				EF7297E0513218DD2D1AFCD7 /* Pods-LingxinZhao_Lab4F.release.xcconfig */,
				8B0670C80AB7E21EF157826D /* Pods-LingxinZhao_Lab4FTests.debug.xcconfig */,
				94FE07A4FC89234176C5A12E /* Pods-LingxinZhao_Lab4FTests.release.xcconfig */,
				182731CBC2A1E7A37707E7C7 /* Pods-LingxinZhao_Lab4FUITests.debug.xcconfig */,
				ACF5917A646B7FF5C45A27DB /* Pods-LingxinZhao_Lab4FUITests.release.xcconfig */,
>>>>>>> origin/master
			);
			name = Pods;
			sourceTree = "<group>";
		};
		E80CD3EF1DAC171F00832D58 = {
			isa = PBXGroup;
			children = (
				E80CD3FA1DAC172000832D58 /* LingxinZhao_Lab4F */,
				E80CD40F1DAC172000832D58 /* LingxinZhao_Lab4FTests */,
				E80CD41A1DAC172000832D58 /* LingxinZhao_Lab4FUITests */,
				E80CD3F91DAC172000832D58 /* Products */,
<<<<<<< HEAD
				CEACC6176E436D1E060BBFE6 /* Pods */,
				9E04712828B4BF014CF22C43 /* Frameworks */,
=======
				8EBCD9A4962D65E3DFD7F8CA /* Pods */,
				3F8EC926B50DCE1B024F7DA1 /* Frameworks */,
>>>>>>> origin/master
			);
			sourceTree = "<group>";
		};
		E80CD3F91DAC172000832D58 /* Products */ = {
			isa = PBXGroup;
			children = (
				E80CD3F81DAC172000832D58 /* LingxinZhao_Lab4F.app */,
				E80CD40C1DAC172000832D58 /* LingxinZhao_Lab4FTests.xctest */,
				E80CD4171DAC172000832D58 /* LingxinZhao_Lab4FUITests.xctest */,
			);
			name = Products;
			sourceTree = "<group>";
		};
		E80CD3FA1DAC172000832D58 /* LingxinZhao_Lab4F */ = {
			isa = PBXGroup;
			children = (
				E85356721DB8552100A1344C /* ios8-video-app-icon.png */,
				E85356701DB854DE00A1344C /* Cinema-Documentary-icon.png */,
				E85356761DB867C600A1344C /* 1476404080_38.png */,
				E85356741DB8556A00A1344C /* imovie-ios-icon.png */,
				E80CD4301DAC1E7000832D58 /* SwiftyJSON.swift */,
				E80CD3FB1DAC172000832D58 /* AppDelegate.swift */,
				E80CD3FF1DAC172000832D58 /* Main.storyboard */,
				E80CD4021DAC172000832D58 /* Assets.xcassets */,
				E8912DF11DAF526A00EC4EE3 /* Detailed.swift */,
				E8912DF21DAF526A00EC4EE3 /* Detailed.xib */,
				E80CD4041DAC172000832D58 /* LaunchScreen.storyboard */,
				E80CD4071DAC172000832D58 /* Info.plist */,
				E80CD42A1DAC1B2500832D58 /* Movie.swift */,
				E80CD42C1DAC1D6B00832D58 /* MovieSearchController.swift */,
				E81EB4211E68B6A900DF7036 /* GoogleService-Info.plist */,
				E80CD42E1DAC1D7D00832D58 /* FavoriteController.swift */,
				E8912DEF1DAED58300EC4EE3 /* MyCell.swift */,
			);
			path = LingxinZhao_Lab4F;
			sourceTree = "<group>";
		};
		E80CD40F1DAC172000832D58 /* LingxinZhao_Lab4FTests */ = {
			isa = PBXGroup;
			children = (
				E80CD4101DAC172000832D58 /* LingxinZhao_Lab4FTests.swift */,
				E80CD4121DAC172000832D58 /* Info.plist */,
			);
			path = LingxinZhao_Lab4FTests;
			sourceTree = "<group>";
		};
		E80CD41A1DAC172000832D58 /* LingxinZhao_Lab4FUITests */ = {
			isa = PBXGroup;
			children = (
				E80CD41B1DAC172000832D58 /* LingxinZhao_Lab4FUITests.swift */,
				E80CD41D1DAC172000832D58 /* Info.plist */,
			);
			path = LingxinZhao_Lab4FUITests;
			sourceTree = "<group>";
		};
/* End PBXGroup section */

/* Begin PBXNativeTarget section */
		E80CD3F71DAC172000832D58 /* LingxinZhao_Lab4F */ = {
			isa = PBXNativeTarget;
			buildConfigurationList = E80CD4201DAC172000832D58 /* Build configuration list for PBXNativeTarget "LingxinZhao_Lab4F" */;
			buildPhases = (
<<<<<<< HEAD
				A47192A03BDEF126BBD67239 /* [CP] Check Pods Manifest.lock */,
				E80CD3F41DAC172000832D58 /* Sources */,
				E80CD3F51DAC172000832D58 /* Frameworks */,
				E80CD3F61DAC172000832D58 /* Resources */,
				68CDBEAD0171ECCA98E7FEAA /* [CP] Embed Pods Frameworks */,
				F22F9975F6C4BEA82852974A /* [CP] Copy Pods Resources */,
=======
				AF3C6F10B5859EEA0F8820AC /* [CP] Check Pods Manifest.lock */,
				E80CD3F41DAC172000832D58 /* Sources */,
				E80CD3F51DAC172000832D58 /* Frameworks */,
				E80CD3F61DAC172000832D58 /* Resources */,
				4D9E1AFAF3EB76DE0CB0E1E9 /* [CP] Embed Pods Frameworks */,
				D9A8A46E6688D90E8BF8AA5C /* [CP] Copy Pods Resources */,
>>>>>>> origin/master
			);
			buildRules = (
			);
			dependencies = (
			);
			name = LingxinZhao_Lab4F;
			productName = LingxinZhao_Lab4F;
			productReference = E80CD3F81DAC172000832D58 /* LingxinZhao_Lab4F.app */;
			productType = "com.apple.product-type.application";
		};
		E80CD40B1DAC172000832D58 /* LingxinZhao_Lab4FTests */ = {
			isa = PBXNativeTarget;
			buildConfigurationList = E80CD4231DAC172000832D58 /* Build configuration list for PBXNativeTarget "LingxinZhao_Lab4FTests" */;
			buildPhases = (
<<<<<<< HEAD
				DD1E27A1D0187FCED29F4309 /* [CP] Check Pods Manifest.lock */,
				E80CD4081DAC172000832D58 /* Sources */,
				E80CD4091DAC172000832D58 /* Frameworks */,
				E80CD40A1DAC172000832D58 /* Resources */,
				78ABD961EAA09B4F0C0F7243 /* [CP] Embed Pods Frameworks */,
				5D95BEC51AE95C11B7CAB0AB /* [CP] Copy Pods Resources */,
=======
				570A3E383AC6CAA8775D3E10 /* [CP] Check Pods Manifest.lock */,
				E80CD4081DAC172000832D58 /* Sources */,
				E80CD4091DAC172000832D58 /* Frameworks */,
				E80CD40A1DAC172000832D58 /* Resources */,
				D0E840A7DD5BCD9352FAE615 /* [CP] Embed Pods Frameworks */,
				9E15F01A0F851425BAB57196 /* [CP] Copy Pods Resources */,
>>>>>>> origin/master
			);
			buildRules = (
			);
			dependencies = (
				E80CD40E1DAC172000832D58 /* PBXTargetDependency */,
			);
			name = LingxinZhao_Lab4FTests;
			productName = LingxinZhao_Lab4FTests;
			productReference = E80CD40C1DAC172000832D58 /* LingxinZhao_Lab4FTests.xctest */;
			productType = "com.apple.product-type.bundle.unit-test";
		};
		E80CD4161DAC172000832D58 /* LingxinZhao_Lab4FUITests */ = {
			isa = PBXNativeTarget;
			buildConfigurationList = E80CD4261DAC172000832D58 /* Build configuration list for PBXNativeTarget "LingxinZhao_Lab4FUITests" */;
			buildPhases = (
<<<<<<< HEAD
				BB2F04E7FA45FF057F0BE1D7 /* [CP] Check Pods Manifest.lock */,
				E80CD4131DAC172000832D58 /* Sources */,
				E80CD4141DAC172000832D58 /* Frameworks */,
				E80CD4151DAC172000832D58 /* Resources */,
				0E99EB9B3A5ED8882B6092F6 /* [CP] Embed Pods Frameworks */,
				E495FB5D40914CE31EA89874 /* [CP] Copy Pods Resources */,
=======
				A996EEB4528F93EAA3672A15 /* [CP] Check Pods Manifest.lock */,
				E80CD4131DAC172000832D58 /* Sources */,
				E80CD4141DAC172000832D58 /* Frameworks */,
				E80CD4151DAC172000832D58 /* Resources */,
				DAEF16B5574392589573B9D4 /* [CP] Embed Pods Frameworks */,
				780B36F8D92E658815BB2D2C /* [CP] Copy Pods Resources */,
>>>>>>> origin/master
			);
			buildRules = (
			);
			dependencies = (
				E80CD4191DAC172000832D58 /* PBXTargetDependency */,
			);
			name = LingxinZhao_Lab4FUITests;
			productName = LingxinZhao_Lab4FUITests;
			productReference = E80CD4171DAC172000832D58 /* LingxinZhao_Lab4FUITests.xctest */;
			productType = "com.apple.product-type.bundle.ui-testing";
		};
/* End PBXNativeTarget section */

/* Begin PBXProject section */
		E80CD3F01DAC171F00832D58 /* Project object */ = {
			isa = PBXProject;
			attributes = {
				LastSwiftUpdateCheck = 0730;
				LastUpgradeCheck = 0820;
				ORGANIZATIONNAME = Lingxin;
				TargetAttributes = {
					E80CD3F71DAC172000832D58 = {
						CreatedOnToolsVersion = 7.3.1;
						LastSwiftMigration = 0820;
					};
					E80CD40B1DAC172000832D58 = {
						CreatedOnToolsVersion = 7.3.1;
						LastSwiftMigration = 0820;
						TestTargetID = E80CD3F71DAC172000832D58;
					};
					E80CD4161DAC172000832D58 = {
						CreatedOnToolsVersion = 7.3.1;
						LastSwiftMigration = 0820;
						TestTargetID = E80CD3F71DAC172000832D58;
					};
				};
			};
			buildConfigurationList = E80CD3F31DAC171F00832D58 /* Build configuration list for PBXProject "LingxinZhao_Lab4F" */;
			compatibilityVersion = "Xcode 3.2";
			developmentRegion = English;
			hasScannedForEncodings = 0;
			knownRegions = (
				en,
				Base,
			);
			mainGroup = E80CD3EF1DAC171F00832D58;
			productRefGroup = E80CD3F91DAC172000832D58 /* Products */;
			projectDirPath = "";
			projectRoot = "";
			targets = (
				E80CD3F71DAC172000832D58 /* LingxinZhao_Lab4F */,
				E80CD40B1DAC172000832D58 /* LingxinZhao_Lab4FTests */,
				E80CD4161DAC172000832D58 /* LingxinZhao_Lab4FUITests */,
			);
		};
/* End PBXProject section */

/* Begin PBXResourcesBuildPhase section */
		E80CD3F61DAC172000832D58 /* Resources */ = {
			isa = PBXResourcesBuildPhase;
			buildActionMask = 2147483647;
			files = (
				E85356771DB867C600A1344C /* 1476404080_38.png in Resources */,
				E85356711DB854DE00A1344C /* Cinema-Documentary-icon.png in Resources */,
				E81EB4221E68B6A900DF7036 /* GoogleService-Info.plist in Resources */,
				E85356751DB8556A00A1344C /* imovie-ios-icon.png in Resources */,
				E85356731DB8552100A1344C /* ios8-video-app-icon.png in Resources */,
				E80CD4061DAC172000832D58 /* LaunchScreen.storyboard in Resources */,
				E8912DF41DAF526A00EC4EE3 /* Detailed.xib in Resources */,
				E80CD4031DAC172000832D58 /* Assets.xcassets in Resources */,
				E80CD4011DAC172000832D58 /* Main.storyboard in Resources */,
			);
			runOnlyForDeploymentPostprocessing = 0;
		};
		E80CD40A1DAC172000832D58 /* Resources */ = {
			isa = PBXResourcesBuildPhase;
			buildActionMask = 2147483647;
			files = (
			);
			runOnlyForDeploymentPostprocessing = 0;
		};
		E80CD4151DAC172000832D58 /* Resources */ = {
			isa = PBXResourcesBuildPhase;
			buildActionMask = 2147483647;
			files = (
			);
			runOnlyForDeploymentPostprocessing = 0;
		};
/* End PBXResourcesBuildPhase section */

/* Begin PBXShellScriptBuildPhase section */
<<<<<<< HEAD
		0E99EB9B3A5ED8882B6092F6 /* [CP] Embed Pods Frameworks */ = {
=======
		4D9E1AFAF3EB76DE0CB0E1E9 /* [CP] Embed Pods Frameworks */ = {
>>>>>>> origin/master
			isa = PBXShellScriptBuildPhase;
			buildActionMask = 2147483647;
			files = (
			);
			inputPaths = (
			);
			name = "[CP] Embed Pods Frameworks";
			outputPaths = (
			);
			runOnlyForDeploymentPostprocessing = 0;
			shellPath = /bin/sh;
<<<<<<< HEAD
			shellScript = "\"${SRCROOT}/Pods/Target Support Files/Pods-LingxinZhao_Lab4FUITests/Pods-LingxinZhao_Lab4FUITests-frameworks.sh\"\n";
			showEnvVarsInLog = 0;
		};
		5D95BEC51AE95C11B7CAB0AB /* [CP] Copy Pods Resources */ = {
=======
			shellScript = "\"${SRCROOT}/Pods/Target Support Files/Pods-LingxinZhao_Lab4F/Pods-LingxinZhao_Lab4F-frameworks.sh\"\n";
			showEnvVarsInLog = 0;
		};
		570A3E383AC6CAA8775D3E10 /* [CP] Check Pods Manifest.lock */ = {
>>>>>>> origin/master
			isa = PBXShellScriptBuildPhase;
			buildActionMask = 2147483647;
			files = (
			);
			inputPaths = (
			);
<<<<<<< HEAD
			name = "[CP] Copy Pods Resources";
=======
			name = "[CP] Check Pods Manifest.lock";
>>>>>>> origin/master
			outputPaths = (
			);
			runOnlyForDeploymentPostprocessing = 0;
			shellPath = /bin/sh;
<<<<<<< HEAD
			shellScript = "\"${SRCROOT}/Pods/Target Support Files/Pods-LingxinZhao_Lab4FTests/Pods-LingxinZhao_Lab4FTests-resources.sh\"\n";
			showEnvVarsInLog = 0;
		};
		68CDBEAD0171ECCA98E7FEAA /* [CP] Embed Pods Frameworks */ = {
=======
			shellScript = "diff \"${PODS_ROOT}/../Podfile.lock\" \"${PODS_ROOT}/Manifest.lock\" > /dev/null\nif [ $? != 0 ] ; then\n    # print error to STDERR\n    echo \"error: The sandbox is not in sync with the Podfile.lock. Run 'pod install' or update your CocoaPods installation.\" >&2\n    exit 1\nfi\n";
			showEnvVarsInLog = 0;
		};
		780B36F8D92E658815BB2D2C /* [CP] Copy Pods Resources */ = {
>>>>>>> origin/master
			isa = PBXShellScriptBuildPhase;
			buildActionMask = 2147483647;
			files = (
			);
			inputPaths = (
			);
<<<<<<< HEAD
			name = "[CP] Embed Pods Frameworks";
=======
			name = "[CP] Copy Pods Resources";
>>>>>>> origin/master
			outputPaths = (
			);
			runOnlyForDeploymentPostprocessing = 0;
			shellPath = /bin/sh;
<<<<<<< HEAD
			shellScript = "\"${SRCROOT}/Pods/Target Support Files/Pods-LingxinZhao_Lab4F/Pods-LingxinZhao_Lab4F-frameworks.sh\"\n";
			showEnvVarsInLog = 0;
		};
		78ABD961EAA09B4F0C0F7243 /* [CP] Embed Pods Frameworks */ = {
=======
			shellScript = "\"${SRCROOT}/Pods/Target Support Files/Pods-LingxinZhao_Lab4FUITests/Pods-LingxinZhao_Lab4FUITests-resources.sh\"\n";
			showEnvVarsInLog = 0;
		};
		9E15F01A0F851425BAB57196 /* [CP] Copy Pods Resources */ = {
>>>>>>> origin/master
			isa = PBXShellScriptBuildPhase;
			buildActionMask = 2147483647;
			files = (
			);
			inputPaths = (
			);
<<<<<<< HEAD
			name = "[CP] Embed Pods Frameworks";
=======
			name = "[CP] Copy Pods Resources";
>>>>>>> origin/master
			outputPaths = (
			);
			runOnlyForDeploymentPostprocessing = 0;
			shellPath = /bin/sh;
<<<<<<< HEAD
			shellScript = "\"${SRCROOT}/Pods/Target Support Files/Pods-LingxinZhao_Lab4FTests/Pods-LingxinZhao_Lab4FTests-frameworks.sh\"\n";
			showEnvVarsInLog = 0;
		};
		A47192A03BDEF126BBD67239 /* [CP] Check Pods Manifest.lock */ = {
=======
			shellScript = "\"${SRCROOT}/Pods/Target Support Files/Pods-LingxinZhao_Lab4FTests/Pods-LingxinZhao_Lab4FTests-resources.sh\"\n";
			showEnvVarsInLog = 0;
		};
		A996EEB4528F93EAA3672A15 /* [CP] Check Pods Manifest.lock */ = {
>>>>>>> origin/master
			isa = PBXShellScriptBuildPhase;
			buildActionMask = 2147483647;
			files = (
			);
			inputPaths = (
			);
			name = "[CP] Check Pods Manifest.lock";
			outputPaths = (
			);
			runOnlyForDeploymentPostprocessing = 0;
			shellPath = /bin/sh;
			shellScript = "diff \"${PODS_ROOT}/../Podfile.lock\" \"${PODS_ROOT}/Manifest.lock\" > /dev/null\nif [ $? != 0 ] ; then\n    # print error to STDERR\n    echo \"error: The sandbox is not in sync with the Podfile.lock. Run 'pod install' or update your CocoaPods installation.\" >&2\n    exit 1\nfi\n";
			showEnvVarsInLog = 0;
		};
<<<<<<< HEAD
		BB2F04E7FA45FF057F0BE1D7 /* [CP] Check Pods Manifest.lock */ = {
=======
		AF3C6F10B5859EEA0F8820AC /* [CP] Check Pods Manifest.lock */ = {
>>>>>>> origin/master
			isa = PBXShellScriptBuildPhase;
			buildActionMask = 2147483647;
			files = (
			);
			inputPaths = (
			);
			name = "[CP] Check Pods Manifest.lock";
			outputPaths = (
			);
			runOnlyForDeploymentPostprocessing = 0;
			shellPath = /bin/sh;
			shellScript = "diff \"${PODS_ROOT}/../Podfile.lock\" \"${PODS_ROOT}/Manifest.lock\" > /dev/null\nif [ $? != 0 ] ; then\n    # print error to STDERR\n    echo \"error: The sandbox is not in sync with the Podfile.lock. Run 'pod install' or update your CocoaPods installation.\" >&2\n    exit 1\nfi\n";
			showEnvVarsInLog = 0;
		};
<<<<<<< HEAD
		DD1E27A1D0187FCED29F4309 /* [CP] Check Pods Manifest.lock */ = {
=======
		D0E840A7DD5BCD9352FAE615 /* [CP] Embed Pods Frameworks */ = {
>>>>>>> origin/master
			isa = PBXShellScriptBuildPhase;
			buildActionMask = 2147483647;
			files = (
			);
			inputPaths = (
			);
<<<<<<< HEAD
			name = "[CP] Check Pods Manifest.lock";
=======
			name = "[CP] Embed Pods Frameworks";
>>>>>>> origin/master
			outputPaths = (
			);
			runOnlyForDeploymentPostprocessing = 0;
			shellPath = /bin/sh;
<<<<<<< HEAD
			shellScript = "diff \"${PODS_ROOT}/../Podfile.lock\" \"${PODS_ROOT}/Manifest.lock\" > /dev/null\nif [ $? != 0 ] ; then\n    # print error to STDERR\n    echo \"error: The sandbox is not in sync with the Podfile.lock. Run 'pod install' or update your CocoaPods installation.\" >&2\n    exit 1\nfi\n";
			showEnvVarsInLog = 0;
		};
		E495FB5D40914CE31EA89874 /* [CP] Copy Pods Resources */ = {
=======
			shellScript = "\"${SRCROOT}/Pods/Target Support Files/Pods-LingxinZhao_Lab4FTests/Pods-LingxinZhao_Lab4FTests-frameworks.sh\"\n";
			showEnvVarsInLog = 0;
		};
		D9A8A46E6688D90E8BF8AA5C /* [CP] Copy Pods Resources */ = {
>>>>>>> origin/master
			isa = PBXShellScriptBuildPhase;
			buildActionMask = 2147483647;
			files = (
			);
			inputPaths = (
			);
			name = "[CP] Copy Pods Resources";
			outputPaths = (
			);
			runOnlyForDeploymentPostprocessing = 0;
			shellPath = /bin/sh;
<<<<<<< HEAD
			shellScript = "\"${SRCROOT}/Pods/Target Support Files/Pods-LingxinZhao_Lab4FUITests/Pods-LingxinZhao_Lab4FUITests-resources.sh\"\n";
			showEnvVarsInLog = 0;
		};
		F22F9975F6C4BEA82852974A /* [CP] Copy Pods Resources */ = {
=======
			shellScript = "\"${SRCROOT}/Pods/Target Support Files/Pods-LingxinZhao_Lab4F/Pods-LingxinZhao_Lab4F-resources.sh\"\n";
			showEnvVarsInLog = 0;
		};
		DAEF16B5574392589573B9D4 /* [CP] Embed Pods Frameworks */ = {
>>>>>>> origin/master
			isa = PBXShellScriptBuildPhase;
			buildActionMask = 2147483647;
			files = (
			);
			inputPaths = (
			);
<<<<<<< HEAD
			name = "[CP] Copy Pods Resources";
=======
			name = "[CP] Embed Pods Frameworks";
>>>>>>> origin/master
			outputPaths = (
			);
			runOnlyForDeploymentPostprocessing = 0;
			shellPath = /bin/sh;
<<<<<<< HEAD
			shellScript = "\"${SRCROOT}/Pods/Target Support Files/Pods-LingxinZhao_Lab4F/Pods-LingxinZhao_Lab4F-resources.sh\"\n";
=======
			shellScript = "\"${SRCROOT}/Pods/Target Support Files/Pods-LingxinZhao_Lab4FUITests/Pods-LingxinZhao_Lab4FUITests-frameworks.sh\"\n";
>>>>>>> origin/master
			showEnvVarsInLog = 0;
		};
/* End PBXShellScriptBuildPhase section */

/* Begin PBXSourcesBuildPhase section */
		E80CD3F41DAC172000832D58 /* Sources */ = {
			isa = PBXSourcesBuildPhase;
			buildActionMask = 2147483647;
			files = (
				E80CD42F1DAC1D7D00832D58 /* FavoriteController.swift in Sources */,
				E80CD42D1DAC1D6B00832D58 /* MovieSearchController.swift in Sources */,
				E80CD4311DAC1E7000832D58 /* SwiftyJSON.swift in Sources */,
				E8912DF01DAED58300EC4EE3 /* MyCell.swift in Sources */,
				E8912DF31DAF526A00EC4EE3 /* Detailed.swift in Sources */,
				E80CD3FC1DAC172000832D58 /* AppDelegate.swift in Sources */,
				E80CD42B1DAC1B2500832D58 /* Movie.swift in Sources */,
			);
			runOnlyForDeploymentPostprocessing = 0;
		};
		E80CD4081DAC172000832D58 /* Sources */ = {
			isa = PBXSourcesBuildPhase;
			buildActionMask = 2147483647;
			files = (
				E80CD4111DAC172000832D58 /* LingxinZhao_Lab4FTests.swift in Sources */,
			);
			runOnlyForDeploymentPostprocessing = 0;
		};
		E80CD4131DAC172000832D58 /* Sources */ = {
			isa = PBXSourcesBuildPhase;
			buildActionMask = 2147483647;
			files = (
				E80CD41C1DAC172000832D58 /* LingxinZhao_Lab4FUITests.swift in Sources */,
			);
			runOnlyForDeploymentPostprocessing = 0;
		};
/* End PBXSourcesBuildPhase section */

/* Begin PBXTargetDependency section */
		E80CD40E1DAC172000832D58 /* PBXTargetDependency */ = {
			isa = PBXTargetDependency;
			target = E80CD3F71DAC172000832D58 /* LingxinZhao_Lab4F */;
			targetProxy = E80CD40D1DAC172000832D58 /* PBXContainerItemProxy */;
		};
		E80CD4191DAC172000832D58 /* PBXTargetDependency */ = {
			isa = PBXTargetDependency;
			target = E80CD3F71DAC172000832D58 /* LingxinZhao_Lab4F */;
			targetProxy = E80CD4181DAC172000832D58 /* PBXContainerItemProxy */;
		};
/* End PBXTargetDependency section */

/* Begin PBXVariantGroup section */
		E80CD3FF1DAC172000832D58 /* Main.storyboard */ = {
			isa = PBXVariantGroup;
			children = (
				E80CD4001DAC172000832D58 /* Base */,
			);
			name = Main.storyboard;
			sourceTree = "<group>";
		};
		E80CD4041DAC172000832D58 /* LaunchScreen.storyboard */ = {
			isa = PBXVariantGroup;
			children = (
				E80CD4051DAC172000832D58 /* Base */,
			);
			name = LaunchScreen.storyboard;
			sourceTree = "<group>";
		};
/* End PBXVariantGroup section */

/* Begin XCBuildConfiguration section */
		E80CD41E1DAC172000832D58 /* Debug */ = {
			isa = XCBuildConfiguration;
			buildSettings = {
				ALWAYS_SEARCH_USER_PATHS = NO;
				CLANG_ANALYZER_NONNULL = YES;
				CLANG_CXX_LANGUAGE_STANDARD = "gnu++0x";
				CLANG_CXX_LIBRARY = "libc++";
				CLANG_ENABLE_MODULES = YES;
				CLANG_ENABLE_OBJC_ARC = YES;
				CLANG_WARN_BOOL_CONVERSION = YES;
				CLANG_WARN_CONSTANT_CONVERSION = YES;
				CLANG_WARN_DIRECT_OBJC_ISA_USAGE = YES_ERROR;
				CLANG_WARN_EMPTY_BODY = YES;
				CLANG_WARN_ENUM_CONVERSION = YES;
				CLANG_WARN_INFINITE_RECURSION = YES;
				CLANG_WARN_INT_CONVERSION = YES;
				CLANG_WARN_OBJC_ROOT_CLASS = YES_ERROR;
				CLANG_WARN_SUSPICIOUS_MOVE = YES;
				CLANG_WARN_UNREACHABLE_CODE = YES;
				CLANG_WARN__DUPLICATE_METHOD_MATCH = YES;
				"CODE_SIGN_IDENTITY[sdk=iphoneos*]" = "iPhone Developer";
				COPY_PHASE_STRIP = NO;
				DEBUG_INFORMATION_FORMAT = dwarf;
				ENABLE_STRICT_OBJC_MSGSEND = YES;
				ENABLE_TESTABILITY = YES;
				GCC_C_LANGUAGE_STANDARD = gnu99;
				GCC_DYNAMIC_NO_PIC = NO;
				GCC_NO_COMMON_BLOCKS = YES;
				GCC_OPTIMIZATION_LEVEL = 0;
				GCC_PREPROCESSOR_DEFINITIONS = (
					"DEBUG=1",
					"$(inherited)",
				);
				GCC_WARN_64_TO_32_BIT_CONVERSION = YES;
				GCC_WARN_ABOUT_RETURN_TYPE = YES_ERROR;
				GCC_WARN_UNDECLARED_SELECTOR = YES;
				GCC_WARN_UNINITIALIZED_AUTOS = YES_AGGRESSIVE;
				GCC_WARN_UNUSED_FUNCTION = YES;
				GCC_WARN_UNUSED_VARIABLE = YES;
				IPHONEOS_DEPLOYMENT_TARGET = 9.3;
				MTL_ENABLE_DEBUG_INFO = YES;
				ONLY_ACTIVE_ARCH = YES;
				SDKROOT = iphoneos;
				SWIFT_OPTIMIZATION_LEVEL = "-Onone";
				TARGETED_DEVICE_FAMILY = "1,2";
			};
			name = Debug;
		};
		E80CD41F1DAC172000832D58 /* Release */ = {
			isa = XCBuildConfiguration;
			buildSettings = {
				ALWAYS_SEARCH_USER_PATHS = NO;
				CLANG_ANALYZER_NONNULL = YES;
				CLANG_CXX_LANGUAGE_STANDARD = "gnu++0x";
				CLANG_CXX_LIBRARY = "libc++";
				CLANG_ENABLE_MODULES = YES;
				CLANG_ENABLE_OBJC_ARC = YES;
				CLANG_WARN_BOOL_CONVERSION = YES;
				CLANG_WARN_CONSTANT_CONVERSION = YES;
				CLANG_WARN_DIRECT_OBJC_ISA_USAGE = YES_ERROR;
				CLANG_WARN_EMPTY_BODY = YES;
				CLANG_WARN_ENUM_CONVERSION = YES;
				CLANG_WARN_INFINITE_RECURSION = YES;
				CLANG_WARN_INT_CONVERSION = YES;
				CLANG_WARN_OBJC_ROOT_CLASS = YES_ERROR;
				CLANG_WARN_SUSPICIOUS_MOVE = YES;
				CLANG_WARN_UNREACHABLE_CODE = YES;
				CLANG_WARN__DUPLICATE_METHOD_MATCH = YES;
				"CODE_SIGN_IDENTITY[sdk=iphoneos*]" = "iPhone Developer";
				COPY_PHASE_STRIP = NO;
				DEBUG_INFORMATION_FORMAT = "dwarf-with-dsym";
				ENABLE_NS_ASSERTIONS = NO;
				ENABLE_STRICT_OBJC_MSGSEND = YES;
				GCC_C_LANGUAGE_STANDARD = gnu99;
				GCC_NO_COMMON_BLOCKS = YES;
				GCC_WARN_64_TO_32_BIT_CONVERSION = YES;
				GCC_WARN_ABOUT_RETURN_TYPE = YES_ERROR;
				GCC_WARN_UNDECLARED_SELECTOR = YES;
				GCC_WARN_UNINITIALIZED_AUTOS = YES_AGGRESSIVE;
				GCC_WARN_UNUSED_FUNCTION = YES;
				GCC_WARN_UNUSED_VARIABLE = YES;
				IPHONEOS_DEPLOYMENT_TARGET = 9.3;
				MTL_ENABLE_DEBUG_INFO = NO;
				SDKROOT = iphoneos;
				SWIFT_OPTIMIZATION_LEVEL = "-Owholemodule";
				TARGETED_DEVICE_FAMILY = "1,2";
				VALIDATE_PRODUCT = YES;
			};
			name = Release;
		};
		E80CD4211DAC172000832D58 /* Debug */ = {
			isa = XCBuildConfiguration;
<<<<<<< HEAD
			baseConfigurationReference = 0659BFE22E715CFC53DB8BCE /* Pods-LingxinZhao_Lab4F.debug.xcconfig */;
=======
			baseConfigurationReference = 8DAB5F9E5830154BA2EAC010 /* Pods-LingxinZhao_Lab4F.debug.xcconfig */;
>>>>>>> origin/master
			buildSettings = {
				ASSETCATALOG_COMPILER_APPICON_NAME = AppIcon;
				INFOPLIST_FILE = LingxinZhao_Lab4F/Info.plist;
				LD_RUNPATH_SEARCH_PATHS = "$(inherited) @executable_path/Frameworks";
				PRODUCT_BUNDLE_IDENTIFIER = lingxin.LingxinZhao;
				PRODUCT_NAME = "$(TARGET_NAME)";
				SWIFT_VERSION = 3.0;
			};
			name = Debug;
		};
		E80CD4221DAC172000832D58 /* Release */ = {
			isa = XCBuildConfiguration;
<<<<<<< HEAD
			baseConfigurationReference = 3F93F9314F98EB431150A948 /* Pods-LingxinZhao_Lab4F.release.xcconfig */;
=======
			baseConfigurationReference = EF7297E0513218DD2D1AFCD7 /* Pods-LingxinZhao_Lab4F.release.xcconfig */;
>>>>>>> origin/master
			buildSettings = {
				ASSETCATALOG_COMPILER_APPICON_NAME = AppIcon;
				INFOPLIST_FILE = LingxinZhao_Lab4F/Info.plist;
				LD_RUNPATH_SEARCH_PATHS = "$(inherited) @executable_path/Frameworks";
				PRODUCT_BUNDLE_IDENTIFIER = lingxin.LingxinZhao;
				PRODUCT_NAME = "$(TARGET_NAME)";
				SWIFT_VERSION = 3.0;
			};
			name = Release;
		};
		E80CD4241DAC172000832D58 /* Debug */ = {
			isa = XCBuildConfiguration;
<<<<<<< HEAD
			baseConfigurationReference = 6F7CE3B7D201C5DDAE568C9C /* Pods-LingxinZhao_Lab4FTests.debug.xcconfig */;
=======
			baseConfigurationReference = 8B0670C80AB7E21EF157826D /* Pods-LingxinZhao_Lab4FTests.debug.xcconfig */;
>>>>>>> origin/master
			buildSettings = {
				BUNDLE_LOADER = "$(TEST_HOST)";
				INFOPLIST_FILE = LingxinZhao_Lab4FTests/Info.plist;
				LD_RUNPATH_SEARCH_PATHS = "$(inherited) @executable_path/Frameworks @loader_path/Frameworks";
				PRODUCT_BUNDLE_IDENTIFIER = "lingxin.LingxinZhao-Lab4FTests";
				PRODUCT_NAME = "$(TARGET_NAME)";
				SWIFT_VERSION = 3.0;
				TEST_HOST = "$(BUILT_PRODUCTS_DIR)/LingxinZhao_Lab4F.app/LingxinZhao_Lab4F";
			};
			name = Debug;
		};
		E80CD4251DAC172000832D58 /* Release */ = {
			isa = XCBuildConfiguration;
<<<<<<< HEAD
			baseConfigurationReference = 1AB133AAFE8DB06A419F5271 /* Pods-LingxinZhao_Lab4FTests.release.xcconfig */;
=======
			baseConfigurationReference = 94FE07A4FC89234176C5A12E /* Pods-LingxinZhao_Lab4FTests.release.xcconfig */;
>>>>>>> origin/master
			buildSettings = {
				BUNDLE_LOADER = "$(TEST_HOST)";
				INFOPLIST_FILE = LingxinZhao_Lab4FTests/Info.plist;
				LD_RUNPATH_SEARCH_PATHS = "$(inherited) @executable_path/Frameworks @loader_path/Frameworks";
				PRODUCT_BUNDLE_IDENTIFIER = "lingxin.LingxinZhao-Lab4FTests";
				PRODUCT_NAME = "$(TARGET_NAME)";
				SWIFT_VERSION = 3.0;
				TEST_HOST = "$(BUILT_PRODUCTS_DIR)/LingxinZhao_Lab4F.app/LingxinZhao_Lab4F";
			};
			name = Release;
		};
		E80CD4271DAC172000832D58 /* Debug */ = {
			isa = XCBuildConfiguration;
<<<<<<< HEAD
			baseConfigurationReference = 1A344D231E59B6ACEB8FB353 /* Pods-LingxinZhao_Lab4FUITests.debug.xcconfig */;
=======
			baseConfigurationReference = 182731CBC2A1E7A37707E7C7 /* Pods-LingxinZhao_Lab4FUITests.debug.xcconfig */;
>>>>>>> origin/master
			buildSettings = {
				INFOPLIST_FILE = LingxinZhao_Lab4FUITests/Info.plist;
				LD_RUNPATH_SEARCH_PATHS = "$(inherited) @executable_path/Frameworks @loader_path/Frameworks";
				PRODUCT_BUNDLE_IDENTIFIER = "lingxin.LingxinZhao-Lab4FUITests";
				PRODUCT_NAME = "$(TARGET_NAME)";
				SWIFT_VERSION = 3.0;
				TEST_TARGET_NAME = LingxinZhao_Lab4F;
			};
			name = Debug;
		};
		E80CD4281DAC172000832D58 /* Release */ = {
			isa = XCBuildConfiguration;
<<<<<<< HEAD
			baseConfigurationReference = 33C883811C36251EB0D77FE9 /* Pods-LingxinZhao_Lab4FUITests.release.xcconfig */;
=======
			baseConfigurationReference = ACF5917A646B7FF5C45A27DB /* Pods-LingxinZhao_Lab4FUITests.release.xcconfig */;
>>>>>>> origin/master
			buildSettings = {
				INFOPLIST_FILE = LingxinZhao_Lab4FUITests/Info.plist;
				LD_RUNPATH_SEARCH_PATHS = "$(inherited) @executable_path/Frameworks @loader_path/Frameworks";
				PRODUCT_BUNDLE_IDENTIFIER = "lingxin.LingxinZhao-Lab4FUITests";
				PRODUCT_NAME = "$(TARGET_NAME)";
				SWIFT_VERSION = 3.0;
				TEST_TARGET_NAME = LingxinZhao_Lab4F;
			};
			name = Release;
		};
/* End XCBuildConfiguration section */

/* Begin XCConfigurationList section */
		E80CD3F31DAC171F00832D58 /* Build configuration list for PBXProject "LingxinZhao_Lab4F" */ = {
			isa = XCConfigurationList;
			buildConfigurations = (
				E80CD41E1DAC172000832D58 /* Debug */,
				E80CD41F1DAC172000832D58 /* Release */,
			);
			defaultConfigurationIsVisible = 0;
			defaultConfigurationName = Release;
		};
		E80CD4201DAC172000832D58 /* Build configuration list for PBXNativeTarget "LingxinZhao_Lab4F" */ = {
			isa = XCConfigurationList;
			buildConfigurations = (
				E80CD4211DAC172000832D58 /* Debug */,
				E80CD4221DAC172000832D58 /* Release */,
			);
			defaultConfigurationIsVisible = 0;
			defaultConfigurationName = Release;
		};
		E80CD4231DAC172000832D58 /* Build configuration list for PBXNativeTarget "LingxinZhao_Lab4FTests" */ = {
			isa = XCConfigurationList;
			buildConfigurations = (
				E80CD4241DAC172000832D58 /* Debug */,
				E80CD4251DAC172000832D58 /* Release */,
			);
			defaultConfigurationIsVisible = 0;
			defaultConfigurationName = Release;
		};
		E80CD4261DAC172000832D58 /* Build configuration list for PBXNativeTarget "LingxinZhao_Lab4FUITests" */ = {
			isa = XCConfigurationList;
			buildConfigurations = (
				E80CD4271DAC172000832D58 /* Debug */,
				E80CD4281DAC172000832D58 /* Release */,
			);
			defaultConfigurationIsVisible = 0;
			defaultConfigurationName = Release;
		};
/* End XCConfigurationList section */
	};
	rootObject = E80CD3F01DAC171F00832D58 /* Project object */;
}
